
Microsoft Visual Studio Solution File, Format Version 12.00
# Visual Studio Version 17
VisualStudioVersion = 17.3.32901.215
MinimumVisualStudioVersion = 10.0.40219.1
Project("{FAE04EC0-301F-11D3-BF4B-00C04F79EFBC}") = "05", "05\05.csproj", "{339108E1-BBE7-4434-9E6D-B4B58C2985A2}"
EndProject
Global
	GlobalSection(SolutionConfigurationPlatforms) = preSolution
		Debug|Any CPU = Debug|Any CPU
		Release|Any CPU = Release|Any CPU
	EndGlobalSection
	GlobalSection(ProjectConfigurationPlatforms) = postSolution
		{339108E1-BBE7-4434-9E6D-B4B58C2985A2}.Debug|Any CPU.ActiveCfg = Debug|Any CPU
		{339108E1-BBE7-4434-9E6D-B4B58C2985A2}.Debug|Any CPU.Build.0 = Debug|Any CPU
		{339108E1-BBE7-4434-9E6D-B4B58C2985A2}.Release|Any CPU.ActiveCfg = Release|Any CPU
		{339108E1-BBE7-4434-9E6D-B4B58C2985A2}.Release|Any CPU.Build.0 = Release|Any CPU
	EndGlobalSection
	GlobalSection(SolutionProperties) = preSolution
		HideSolutionNode = FALSE
	EndGlobalSection
	GlobalSection(ExtensibilityGlobals) = postSolution
		SolutionGuid = {6E8A9DFA-8A75-4B47-909E-44F069A57EF1}
	EndGlobalSection
EndGlobal
